
Microsoft Visual Studio Solution File, Format Version 12.00
# Visual Studio 15
VisualStudioVersion = 15.0.26730.15
MinimumVisualStudioVersion = 10.0.40219.1
Project("{FAE04EC0-301F-11D3-BF4B-00C04F79EFBC}") = "PortfolioAPI", "PortfolioAPI\PortfolioAPI.csproj", "{CE2913D9-389C-47C9-8FC0-4324F556369A}"
EndProject
Project("{E53339B2-1760-4266-BCC7-CA923CBCF16C}") = "docker-compose", "docker-compose.dcproj", "{3C5F17A1-8193-46BA-ADFD-A3302CC1F1BC}"
EndProject
Global
	GlobalSection(SolutionConfigurationPlatforms) = preSolution
		Debug|Any CPU = Debug|Any CPU
		Release|Any CPU = Release|Any CPU
	EndGlobalSection
	GlobalSection(ProjectConfigurationPlatforms) = postSolution
		{CE2913D9-389C-47C9-8FC0-4324F556369A}.Debug|Any CPU.ActiveCfg = Debug|Any CPU
		{CE2913D9-389C-47C9-8FC0-4324F556369A}.Debug|Any CPU.Build.0 = Debug|Any CPU
		{CE2913D9-389C-47C9-8FC0-4324F556369A}.Release|Any CPU.ActiveCfg = Release|Any CPU
		{CE2913D9-389C-47C9-8FC0-4324F556369A}.Release|Any CPU.Build.0 = Release|Any CPU
		{3C5F17A1-8193-46BA-ADFD-A3302CC1F1BC}.Debug|Any CPU.ActiveCfg = Debug|Any CPU
		{3C5F17A1-8193-46BA-ADFD-A3302CC1F1BC}.Debug|Any CPU.Build.0 = Debug|Any CPU
		{3C5F17A1-8193-46BA-ADFD-A3302CC1F1BC}.Release|Any CPU.ActiveCfg = Release|Any CPU
		{3C5F17A1-8193-46BA-ADFD-A3302CC1F1BC}.Release|Any CPU.Build.0 = Release|Any CPU
	EndGlobalSection
	GlobalSection(SolutionProperties) = preSolution
		HideSolutionNode = FALSE
	EndGlobalSection
	GlobalSection(ExtensibilityGlobals) = postSolution
		SolutionGuid = {A906DFED-AC4F-45AC-B859-48260C5C45F7}
	EndGlobalSection
EndGlobal
