
Microsoft Visual Studio Solution File, Format Version 12.00
# Visual Studio 15
VisualStudioVersion = 15.0.26730.16
MinimumVisualStudioVersion = 10.0.40219.1
Project("{E53339B2-1760-4266-BCC7-CA923CBCF16C}") = "docker-compose", "docker-compose.dcproj", "{3C5F17A1-8193-46BA-ADFD-A3302CC1F1BC}"
EndProject
Project("{FAE04EC0-301F-11D3-BF4B-00C04F79EFBC}") = "PortfolioAPI", "PortfolioAPI\PortfolioAPI.csproj", "{DCF3E7B8-E1A3-4D6D-B09C-E8543DA2DEC0}"
EndProject
Project("{FAE04EC0-301F-11D3-BF4B-00C04F79EFBC}") = "PortfolioAPI.Tests", "PortfolioAPI.Tests\PortfolioAPI.Tests.csproj", "{4C534DE0-8D62-47B1-8AD7-A6690EEE72CA}"
EndProject
Global
	GlobalSection(SolutionConfigurationPlatforms) = preSolution
		Debug|Any CPU = Debug|Any CPU
		Release|Any CPU = Release|Any CPU
	EndGlobalSection
	GlobalSection(ProjectConfigurationPlatforms) = postSolution
		{3C5F17A1-8193-46BA-ADFD-A3302CC1F1BC}.Debug|Any CPU.ActiveCfg = Debug|Any CPU
		{3C5F17A1-8193-46BA-ADFD-A3302CC1F1BC}.Debug|Any CPU.Build.0 = Debug|Any CPU
		{3C5F17A1-8193-46BA-ADFD-A3302CC1F1BC}.Release|Any CPU.ActiveCfg = Release|Any CPU
		{3C5F17A1-8193-46BA-ADFD-A3302CC1F1BC}.Release|Any CPU.Build.0 = Release|Any CPU
		{DCF3E7B8-E1A3-4D6D-B09C-E8543DA2DEC0}.Debug|Any CPU.ActiveCfg = Debug|Any CPU
		{DCF3E7B8-E1A3-4D6D-B09C-E8543DA2DEC0}.Debug|Any CPU.Build.0 = Debug|Any CPU
		{DCF3E7B8-E1A3-4D6D-B09C-E8543DA2DEC0}.Release|Any CPU.ActiveCfg = Release|Any CPU
		{DCF3E7B8-E1A3-4D6D-B09C-E8543DA2DEC0}.Release|Any CPU.Build.0 = Release|Any CPU
		{4C534DE0-8D62-47B1-8AD7-A6690EEE72CA}.Debug|Any CPU.ActiveCfg = Debug|Any CPU
		{4C534DE0-8D62-47B1-8AD7-A6690EEE72CA}.Debug|Any CPU.Build.0 = Debug|Any CPU
		{4C534DE0-8D62-47B1-8AD7-A6690EEE72CA}.Release|Any CPU.ActiveCfg = Release|Any CPU
		{4C534DE0-8D62-47B1-8AD7-A6690EEE72CA}.Release|Any CPU.Build.0 = Release|Any CPU
	EndGlobalSection
	GlobalSection(SolutionProperties) = preSolution
		HideSolutionNode = FALSE
	EndGlobalSection
	GlobalSection(ExtensibilityGlobals) = postSolution
		SolutionGuid = {A906DFED-AC4F-45AC-B859-48260C5C45F7}
	EndGlobalSection
EndGlobal
